
Microsoft Visual Studio Solution File, Format Version 12.00
# Visual Studio Version 17
VisualStudioVersion = 17.11.35222.181
MinimumVisualStudioVersion = 10.0.40219.1
Project("{FAE04EC0-301F-11D3-BF4B-00C04F79EFBC}") = "ImageCompression", "ImageCompression\ImageCompression.csproj", "{9BC715AB-C10F-4601-AA42-512F53D275BD}"
EndProject
Global
	GlobalSection(SolutionConfigurationPlatforms) = preSolution
		Debug|Any CPU = Debug|Any CPU
		Release|Any CPU = Release|Any CPU
	EndGlobalSection
	GlobalSection(ProjectConfigurationPlatforms) = postSolution
		{9BC715AB-C10F-4601-AA42-512F53D275BD}.Debug|Any CPU.ActiveCfg = Debug|Any CPU
		{9BC715AB-C10F-4601-AA42-512F53D275BD}.Debug|Any CPU.Build.0 = Debug|Any CPU
		{9BC715AB-C10F-4601-AA42-512F53D275BD}.Release|Any CPU.ActiveCfg = Release|Any CPU
		{9BC715AB-C10F-4601-AA42-512F53D275BD}.Release|Any CPU.Build.0 = Release|Any CPU
	EndGlobalSection
	GlobalSection(SolutionProperties) = preSolution
		HideSolutionNode = FALSE
	EndGlobalSection
	GlobalSection(ExtensibilityGlobals) = postSolution
		SolutionGuid = {4F20C2D8-1F46-42AD-AADB-BE91B5C1FF9F}
	EndGlobalSection
EndGlobal
